// !$*UTF8*$!
{
	archiveVersion = 1;
	classes = {
	};
	objectVersion = 56;
	objects = {

/* Begin PBXBuildFile section */
		FC1A79152C6CB22D000A3399 /* DashboardView.swift in Sources */ = {isa = PBXBuildFile; fileRef = FC1A79142C6CB22D000A3399 /* DashboardView.swift */; };
		FC7109962C71D257000AD0CD /* Day.swift in Sources */ = {isa = PBXBuildFile; fileRef = FC7109952C71D257000AD0CD /* Day.swift */; };
		FC7109992C71D520000AD0CD /* MealPlannerView.swift in Sources */ = {isa = PBXBuildFile; fileRef = FC7109982C71D520000AD0CD /* MealPlannerView.swift */; };
		FC77D8A92C776422003D565E /* SelectIngredientsView.swift in Sources */ = {isa = PBXBuildFile; fileRef = FC77D8A82C776422003D565E /* SelectIngredientsView.swift */; };
		FC77D8AB2C7774ED003D565E /* SelectInstructionsView.swift in Sources */ = {isa = PBXBuildFile; fileRef = FC77D8AA2C7774ED003D565E /* SelectInstructionsView.swift */; };
		FC77D8AD2C7774FA003D565E /* SelectImageView.swift in Sources */ = {isa = PBXBuildFile; fileRef = FC77D8AC2C7774FA003D565E /* SelectImageView.swift */; };
		FC997E8A2C6A53F3004D05C3 /* CreateRecipeView.swift in Sources */ = {isa = PBXBuildFile; fileRef = FC997E892C6A53F3004D05C3 /* CreateRecipeView.swift */; };
		FC997E902C6A59C9004D05C3 /* Ingredient.swift in Sources */ = {isa = PBXBuildFile; fileRef = FC997E8F2C6A59C9004D05C3 /* Ingredient.swift */; };
		FCAE91CC2C8998D000BC914C /* RecipeView.swift in Sources */ = {isa = PBXBuildFile; fileRef = FCAE91CB2C8998D000BC914C /* RecipeView.swift */; };
		FCE0FF602C82E22B005A98A5 /* CreateIngredientView.swift in Sources */ = {isa = PBXBuildFile; fileRef = FCE0FF5F2C82E22B005A98A5 /* CreateIngredientView.swift */; };
		FCF565132C6A4E83005FC45A /* The_Head_CookApp.swift in Sources */ = {isa = PBXBuildFile; fileRef = FCF565122C6A4E83005FC45A /* The_Head_CookApp.swift */; };
		FCF565152C6A4E83005FC45A /* ContentView.swift in Sources */ = {isa = PBXBuildFile; fileRef = FCF565142C6A4E83005FC45A /* ContentView.swift */; };
		FCF565192C6A4E84005FC45A /* Assets.xcassets in Resources */ = {isa = PBXBuildFile; fileRef = FCF565182C6A4E84005FC45A /* Assets.xcassets */; };
		FCF5651C2C6A4E84005FC45A /* Preview Assets.xcassets in Resources */ = {isa = PBXBuildFile; fileRef = FCF5651B2C6A4E84005FC45A /* Preview Assets.xcassets */; };
		FCF565262C6A4E84005FC45A /* The_Head_CookTests.swift in Sources */ = {isa = PBXBuildFile; fileRef = FCF565252C6A4E84005FC45A /* The_Head_CookTests.swift */; };
		FCF565302C6A4E84005FC45A /* The_Head_CookUITests.swift in Sources */ = {isa = PBXBuildFile; fileRef = FCF5652F2C6A4E84005FC45A /* The_Head_CookUITests.swift */; };
		FCF565322C6A4E84005FC45A /* The_Head_CookUITestsLaunchTests.swift in Sources */ = {isa = PBXBuildFile; fileRef = FCF565312C6A4E84005FC45A /* The_Head_CookUITestsLaunchTests.swift */; };
		FCF565402C6A4F3D005FC45A /* Recipe.swift in Sources */ = {isa = PBXBuildFile; fileRef = FCF5653F2C6A4F3D005FC45A /* Recipe.swift */; };
/* End PBXBuildFile section */

/* Begin PBXContainerItemProxy section */
		FCF565222C6A4E84005FC45A /* PBXContainerItemProxy */ = {
			isa = PBXContainerItemProxy;
			containerPortal = FCF565072C6A4E83005FC45A /* Project object */;
			proxyType = 1;
			remoteGlobalIDString = FCF5650E2C6A4E83005FC45A;
			remoteInfo = "The Head Cook";
		};
		FCF5652C2C6A4E84005FC45A /* PBXContainerItemProxy */ = {
			isa = PBXContainerItemProxy;
			containerPortal = FCF565072C6A4E83005FC45A /* Project object */;
			proxyType = 1;
			remoteGlobalIDString = FCF5650E2C6A4E83005FC45A;
			remoteInfo = "The Head Cook";
		};
/* End PBXContainerItemProxy section */

/* Begin PBXFileReference section */
		FC1A79142C6CB22D000A3399 /* DashboardView.swift */ = {isa = PBXFileReference; lastKnownFileType = sourcecode.swift; path = DashboardView.swift; sourceTree = "<group>"; };
		FC7109952C71D257000AD0CD /* Day.swift */ = {isa = PBXFileReference; lastKnownFileType = sourcecode.swift; path = Day.swift; sourceTree = "<group>"; };
		FC7109982C71D520000AD0CD /* MealPlannerView.swift */ = {isa = PBXFileReference; lastKnownFileType = sourcecode.swift; path = MealPlannerView.swift; sourceTree = "<group>"; };
		FC77D8A82C776422003D565E /* SelectIngredientsView.swift */ = {isa = PBXFileReference; lastKnownFileType = sourcecode.swift; path = SelectIngredientsView.swift; sourceTree = "<group>"; };
		FC77D8AA2C7774ED003D565E /* SelectInstructionsView.swift */ = {isa = PBXFileReference; lastKnownFileType = sourcecode.swift; path = SelectInstructionsView.swift; sourceTree = "<group>"; };
		FC77D8AC2C7774FA003D565E /* SelectImageView.swift */ = {isa = PBXFileReference; lastKnownFileType = sourcecode.swift; path = SelectImageView.swift; sourceTree = "<group>"; };
		FC997E892C6A53F3004D05C3 /* CreateRecipeView.swift */ = {isa = PBXFileReference; lastKnownFileType = sourcecode.swift; path = CreateRecipeView.swift; sourceTree = "<group>"; };
		FC997E8F2C6A59C9004D05C3 /* Ingredient.swift */ = {isa = PBXFileReference; lastKnownFileType = sourcecode.swift; path = Ingredient.swift; sourceTree = "<group>"; };
		FCAE91CB2C8998D000BC914C /* RecipeView.swift */ = {isa = PBXFileReference; lastKnownFileType = sourcecode.swift; path = RecipeView.swift; sourceTree = "<group>"; };
		FCE0FF5F2C82E22B005A98A5 /* CreateIngredientView.swift */ = {isa = PBXFileReference; lastKnownFileType = sourcecode.swift; path = CreateIngredientView.swift; sourceTree = "<group>"; };
		FCE72A9E2C6A51DF00242928 /* SwiftUI.framework */ = {isa = PBXFileReference; lastKnownFileType = wrapper.framework; name = SwiftUI.framework; path = System/Library/Frameworks/SwiftUI.framework; sourceTree = SDKROOT; };
		FCF5650F2C6A4E83005FC45A /* The Head Cook.app */ = {isa = PBXFileReference; explicitFileType = wrapper.application; includeInIndex = 0; path = "The Head Cook.app"; sourceTree = BUILT_PRODUCTS_DIR; };
		FCF565122C6A4E83005FC45A /* The_Head_CookApp.swift */ = {isa = PBXFileReference; lastKnownFileType = sourcecode.swift; path = The_Head_CookApp.swift; sourceTree = "<group>"; };
		FCF565142C6A4E83005FC45A /* ContentView.swift */ = {isa = PBXFileReference; lastKnownFileType = sourcecode.swift; path = ContentView.swift; sourceTree = "<group>"; };
		FCF565182C6A4E84005FC45A /* Assets.xcassets */ = {isa = PBXFileReference; lastKnownFileType = folder.assetcatalog; path = Assets.xcassets; sourceTree = "<group>"; };
		FCF5651B2C6A4E84005FC45A /* Preview Assets.xcassets */ = {isa = PBXFileReference; lastKnownFileType = folder.assetcatalog; path = "Preview Assets.xcassets"; sourceTree = "<group>"; };
		FCF565212C6A4E84005FC45A /* The Head CookTests.xctest */ = {isa = PBXFileReference; explicitFileType = wrapper.cfbundle; includeInIndex = 0; path = "The Head CookTests.xctest"; sourceTree = BUILT_PRODUCTS_DIR; };
		FCF565252C6A4E84005FC45A /* The_Head_CookTests.swift */ = {isa = PBXFileReference; lastKnownFileType = sourcecode.swift; path = The_Head_CookTests.swift; sourceTree = "<group>"; };
		FCF5652B2C6A4E84005FC45A /* The Head CookUITests.xctest */ = {isa = PBXFileReference; explicitFileType = wrapper.cfbundle; includeInIndex = 0; path = "The Head CookUITests.xctest"; sourceTree = BUILT_PRODUCTS_DIR; };
		FCF5652F2C6A4E84005FC45A /* The_Head_CookUITests.swift */ = {isa = PBXFileReference; lastKnownFileType = sourcecode.swift; path = The_Head_CookUITests.swift; sourceTree = "<group>"; };
		FCF565312C6A4E84005FC45A /* The_Head_CookUITestsLaunchTests.swift */ = {isa = PBXFileReference; lastKnownFileType = sourcecode.swift; path = The_Head_CookUITestsLaunchTests.swift; sourceTree = "<group>"; };
		FCF5653F2C6A4F3D005FC45A /* Recipe.swift */ = {isa = PBXFileReference; lastKnownFileType = sourcecode.swift; path = Recipe.swift; sourceTree = "<group>"; };
/* End PBXFileReference section */

/* Begin PBXFrameworksBuildPhase section */
		FCF5650C2C6A4E83005FC45A /* Frameworks */ = {
			isa = PBXFrameworksBuildPhase;
			buildActionMask = 2147483647;
			files = (
			);
			runOnlyForDeploymentPostprocessing = 0;
		};
		FCF5651E2C6A4E84005FC45A /* Frameworks */ = {
			isa = PBXFrameworksBuildPhase;
			buildActionMask = 2147483647;
			files = (
			);
			runOnlyForDeploymentPostprocessing = 0;
		};
		FCF565282C6A4E84005FC45A /* Frameworks */ = {
			isa = PBXFrameworksBuildPhase;
			buildActionMask = 2147483647;
			files = (
			);
			runOnlyForDeploymentPostprocessing = 0;
		};
/* End PBXFrameworksBuildPhase section */

/* Begin PBXGroup section */
		FC7109972C71D513000AD0CD /* Meal Planner */ = {
			isa = PBXGroup;
			children = (
				FC7109982C71D520000AD0CD /* MealPlannerView.swift */,
			);
			path = "Meal Planner";
			sourceTree = "<group>";
		};
		FC7835662C6CCF8600449B7F /* Dashboard */ = {
			isa = PBXGroup;
			children = (
				FC1A79142C6CB22D000A3399 /* DashboardView.swift */,
			);
			path = Dashboard;
			sourceTree = "<group>";
		};
		FC7835692C6CDEC500449B7F /* Models */ = {
			isa = PBXGroup;
			children = (
				FCF5653F2C6A4F3D005FC45A /* Recipe.swift */,
				FC997E8F2C6A59C9004D05C3 /* Ingredient.swift */,
				FC7109952C71D257000AD0CD /* Day.swift */,
			);
			path = Models;
			sourceTree = "<group>";
		};
		FC78356A2C6CDED500449B7F /* Create Recipe */ = {
			isa = PBXGroup;
			children = (
				FC997E892C6A53F3004D05C3 /* CreateRecipeView.swift */,
				FC77D8A82C776422003D565E /* SelectIngredientsView.swift */,
				FC77D8AA2C7774ED003D565E /* SelectInstructionsView.swift */,
				FC77D8AC2C7774FA003D565E /* SelectImageView.swift */,
				FCE0FF5F2C82E22B005A98A5 /* CreateIngredientView.swift */,
			);
			path = "Create Recipe";
			sourceTree = "<group>";
		};
		FCAE91CA2C8998C600BC914C /* View Recipes */ = {
			isa = PBXGroup;
			children = (
				FCAE91CB2C8998D000BC914C /* RecipeView.swift */,
			);
			path = "View Recipes";
			sourceTree = "<group>";
		};
		FCE72A9D2C6A51DF00242928 /* Frameworks */ = {
			isa = PBXGroup;
			children = (
				FCE72A9E2C6A51DF00242928 /* SwiftUI.framework */,
			);
			name = Frameworks;
			sourceTree = "<group>";
		};
		FCF565062C6A4E83005FC45A = {
			isa = PBXGroup;
			children = (
				FCF565112C6A4E83005FC45A /* The Head Cook */,
				FCF565242C6A4E84005FC45A /* The Head CookTests */,
				FCF5652E2C6A4E84005FC45A /* The Head CookUITests */,
				FCF565102C6A4E83005FC45A /* Products */,
				FCE72A9D2C6A51DF00242928 /* Frameworks */,
			);
			sourceTree = "<group>";
		};
		FCF565102C6A4E83005FC45A /* Products */ = {
			isa = PBXGroup;
			children = (
				FCF5650F2C6A4E83005FC45A /* The Head Cook.app */,
				FCF565212C6A4E84005FC45A /* The Head CookTests.xctest */,
				FCF5652B2C6A4E84005FC45A /* The Head CookUITests.xctest */,
			);
			name = Products;
			sourceTree = "<group>";
		};
		FCF565112C6A4E83005FC45A /* The Head Cook */ = {
			isa = PBXGroup;
			children = (
				FCAE91CA2C8998C600BC914C /* View Recipes */,
				FC7109972C71D513000AD0CD /* Meal Planner */,
				FC78356A2C6CDED500449B7F /* Create Recipe */,
				FC7835692C6CDEC500449B7F /* Models */,
				FC7835662C6CCF8600449B7F /* Dashboard */,
				FCF565122C6A4E83005FC45A /* The_Head_CookApp.swift */,
				FCF565142C6A4E83005FC45A /* ContentView.swift */,
				FCF565182C6A4E84005FC45A /* Assets.xcassets */,
				FCF5651A2C6A4E84005FC45A /* Preview Content */,
			);
			path = "The Head Cook";
			sourceTree = "<group>";
		};
		FCF5651A2C6A4E84005FC45A /* Preview Content */ = {
			isa = PBXGroup;
			children = (
				FCF5651B2C6A4E84005FC45A /* Preview Assets.xcassets */,
			);
			path = "Preview Content";
			sourceTree = "<group>";
		};
		FCF565242C6A4E84005FC45A /* The Head CookTests */ = {
			isa = PBXGroup;
			children = (
				FCF565252C6A4E84005FC45A /* The_Head_CookTests.swift */,
			);
			path = "The Head CookTests";
			sourceTree = "<group>";
		};
		FCF5652E2C6A4E84005FC45A /* The Head CookUITests */ = {
			isa = PBXGroup;
			children = (
				FCF5652F2C6A4E84005FC45A /* The_Head_CookUITests.swift */,
				FCF565312C6A4E84005FC45A /* The_Head_CookUITestsLaunchTests.swift */,
			);
			path = "The Head CookUITests";
			sourceTree = "<group>";
		};
/* End PBXGroup section */

/* Begin PBXNativeTarget section */
		FCF5650E2C6A4E83005FC45A /* The Head Cook */ = {
			isa = PBXNativeTarget;
			buildConfigurationList = FCF565352C6A4E84005FC45A /* Build configuration list for PBXNativeTarget "The Head Cook" */;
			buildPhases = (
				FCF5650B2C6A4E83005FC45A /* Sources */,
				FCF5650C2C6A4E83005FC45A /* Frameworks */,
				FCF5650D2C6A4E83005FC45A /* Resources */,
			);
			buildRules = (
			);
			dependencies = (
			);
			name = "The Head Cook";
			productName = "The Head Cook";
			productReference = FCF5650F2C6A4E83005FC45A /* The Head Cook.app */;
			productType = "com.apple.product-type.application";
		};
		FCF565202C6A4E84005FC45A /* The Head CookTests */ = {
			isa = PBXNativeTarget;
			buildConfigurationList = FCF565382C6A4E84005FC45A /* Build configuration list for PBXNativeTarget "The Head CookTests" */;
			buildPhases = (
				FCF5651D2C6A4E84005FC45A /* Sources */,
				FCF5651E2C6A4E84005FC45A /* Frameworks */,
				FCF5651F2C6A4E84005FC45A /* Resources */,
			);
			buildRules = (
			);
			dependencies = (
				FCF565232C6A4E84005FC45A /* PBXTargetDependency */,
			);
			name = "The Head CookTests";
			productName = "The Head CookTests";
			productReference = FCF565212C6A4E84005FC45A /* The Head CookTests.xctest */;
			productType = "com.apple.product-type.bundle.unit-test";
		};
		FCF5652A2C6A4E84005FC45A /* The Head CookUITests */ = {
			isa = PBXNativeTarget;
			buildConfigurationList = FCF5653B2C6A4E84005FC45A /* Build configuration list for PBXNativeTarget "The Head CookUITests" */;
			buildPhases = (
				FCF565272C6A4E84005FC45A /* Sources */,
				FCF565282C6A4E84005FC45A /* Frameworks */,
				FCF565292C6A4E84005FC45A /* Resources */,
			);
			buildRules = (
			);
			dependencies = (
				FCF5652D2C6A4E84005FC45A /* PBXTargetDependency */,
			);
			name = "The Head CookUITests";
			productName = "The Head CookUITests";
			productReference = FCF5652B2C6A4E84005FC45A /* The Head CookUITests.xctest */;
			productType = "com.apple.product-type.bundle.ui-testing";
		};
/* End PBXNativeTarget section */

/* Begin PBXProject section */
		FCF565072C6A4E83005FC45A /* Project object */ = {
			isa = PBXProject;
			attributes = {
				BuildIndependentTargetsInParallel = 1;
				LastSwiftUpdateCheck = 1540;
				LastUpgradeCheck = 1540;
				TargetAttributes = {
					FCF5650E2C6A4E83005FC45A = {
						CreatedOnToolsVersion = 15.4;
					};
					FCF565202C6A4E84005FC45A = {
						CreatedOnToolsVersion = 15.4;
						TestTargetID = FCF5650E2C6A4E83005FC45A;
					};
					FCF5652A2C6A4E84005FC45A = {
						CreatedOnToolsVersion = 15.4;
						TestTargetID = FCF5650E2C6A4E83005FC45A;
					};
				};
			};
			buildConfigurationList = FCF5650A2C6A4E83005FC45A /* Build configuration list for PBXProject "The Head Cook" */;
			compatibilityVersion = "Xcode 14.0";
			developmentRegion = en;
			hasScannedForEncodings = 0;
			knownRegions = (
				en,
				Base,
			);
			mainGroup = FCF565062C6A4E83005FC45A;
			productRefGroup = FCF565102C6A4E83005FC45A /* Products */;
			projectDirPath = "";
			projectRoot = "";
			targets = (
				FCF5650E2C6A4E83005FC45A /* The Head Cook */,
				FCF565202C6A4E84005FC45A /* The Head CookTests */,
				FCF5652A2C6A4E84005FC45A /* The Head CookUITests */,
			);
		};
/* End PBXProject section */

/* Begin PBXResourcesBuildPhase section */
		FCF5650D2C6A4E83005FC45A /* Resources */ = {
			isa = PBXResourcesBuildPhase;
			buildActionMask = 2147483647;
			files = (
				FCF5651C2C6A4E84005FC45A /* Preview Assets.xcassets in Resources */,
				FCF565192C6A4E84005FC45A /* Assets.xcassets in Resources */,
			);
			runOnlyForDeploymentPostprocessing = 0;
		};
		FCF5651F2C6A4E84005FC45A /* Resources */ = {
			isa = PBXResourcesBuildPhase;
			buildActionMask = 2147483647;
			files = (
			);
			runOnlyForDeploymentPostprocessing = 0;
		};
		FCF565292C6A4E84005FC45A /* Resources */ = {
			isa = PBXResourcesBuildPhase;
			buildActionMask = 2147483647;
			files = (
			);
			runOnlyForDeploymentPostprocessing = 0;
		};
/* End PBXResourcesBuildPhase section */

/* Begin PBXSourcesBuildPhase section */
		FCF5650B2C6A4E83005FC45A /* Sources */ = {
			isa = PBXSourcesBuildPhase;
			buildActionMask = 2147483647;
			files = (
				FC997E8A2C6A53F3004D05C3 /* CreateRecipeView.swift in Sources */,
				FCE0FF602C82E22B005A98A5 /* CreateIngredientView.swift in Sources */,
				FC77D8A92C776422003D565E /* SelectIngredientsView.swift in Sources */,
				FC997E902C6A59C9004D05C3 /* Ingredient.swift in Sources */,
				FC77D8AB2C7774ED003D565E /* SelectInstructionsView.swift in Sources */,
				FC77D8AD2C7774FA003D565E /* SelectImageView.swift in Sources */,
				FCAE91CC2C8998D000BC914C /* RecipeView.swift in Sources */,
				FC7109992C71D520000AD0CD /* MealPlannerView.swift in Sources */,
				FC1A79152C6CB22D000A3399 /* DashboardView.swift in Sources */,
				FC7109962C71D257000AD0CD /* Day.swift in Sources */,
				FCF565402C6A4F3D005FC45A /* Recipe.swift in Sources */,
				FCF565152C6A4E83005FC45A /* ContentView.swift in Sources */,
				FCF565132C6A4E83005FC45A /* The_Head_CookApp.swift in Sources */,
			);
			runOnlyForDeploymentPostprocessing = 0;
		};
		FCF5651D2C6A4E84005FC45A /* Sources */ = {
			isa = PBXSourcesBuildPhase;
			buildActionMask = 2147483647;
			files = (
				FCF565262C6A4E84005FC45A /* The_Head_CookTests.swift in Sources */,
			);
			runOnlyForDeploymentPostprocessing = 0;
		};
		FCF565272C6A4E84005FC45A /* Sources */ = {
			isa = PBXSourcesBuildPhase;
			buildActionMask = 2147483647;
			files = (
				FCF565322C6A4E84005FC45A /* The_Head_CookUITestsLaunchTests.swift in Sources */,
				FCF565302C6A4E84005FC45A /* The_Head_CookUITests.swift in Sources */,
			);
			runOnlyForDeploymentPostprocessing = 0;
		};
/* End PBXSourcesBuildPhase section */

/* Begin PBXTargetDependency section */
		FCF565232C6A4E84005FC45A /* PBXTargetDependency */ = {
			isa = PBXTargetDependency;
			target = FCF5650E2C6A4E83005FC45A /* The Head Cook */;
			targetProxy = FCF565222C6A4E84005FC45A /* PBXContainerItemProxy */;
		};
		FCF5652D2C6A4E84005FC45A /* PBXTargetDependency */ = {
			isa = PBXTargetDependency;
			target = FCF5650E2C6A4E83005FC45A /* The Head Cook */;
			targetProxy = FCF5652C2C6A4E84005FC45A /* PBXContainerItemProxy */;
		};
/* End PBXTargetDependency section */

/* Begin XCBuildConfiguration section */
		FCF565332C6A4E84005FC45A /* Debug */ = {
			isa = XCBuildConfiguration;
			buildSettings = {
				ALWAYS_SEARCH_USER_PATHS = NO;
				ASSETCATALOG_COMPILER_GENERATE_SWIFT_ASSET_SYMBOL_EXTENSIONS = YES;
				CLANG_ANALYZER_NONNULL = YES;
				CLANG_ANALYZER_NUMBER_OBJECT_CONVERSION = YES_AGGRESSIVE;
				CLANG_CXX_LANGUAGE_STANDARD = "gnu++20";
				CLANG_ENABLE_MODULES = YES;
				CLANG_ENABLE_OBJC_ARC = YES;
				CLANG_ENABLE_OBJC_WEAK = YES;
				CLANG_WARN_BLOCK_CAPTURE_AUTORELEASING = YES;
				CLANG_WARN_BOOL_CONVERSION = YES;
				CLANG_WARN_COMMA = YES;
				CLANG_WARN_CONSTANT_CONVERSION = YES;
				CLANG_WARN_DEPRECATED_OBJC_IMPLEMENTATIONS = YES;
				CLANG_WARN_DIRECT_OBJC_ISA_USAGE = YES_ERROR;
				CLANG_WARN_DOCUMENTATION_COMMENTS = YES;
				CLANG_WARN_EMPTY_BODY = YES;
				CLANG_WARN_ENUM_CONVERSION = YES;
				CLANG_WARN_INFINITE_RECURSION = YES;
				CLANG_WARN_INT_CONVERSION = YES;
				CLANG_WARN_NON_LITERAL_NULL_CONVERSION = YES;
				CLANG_WARN_OBJC_IMPLICIT_RETAIN_SELF = YES;
				CLANG_WARN_OBJC_LITERAL_CONVERSION = YES;
				CLANG_WARN_OBJC_ROOT_CLASS = YES_ERROR;
				CLANG_WARN_QUOTED_INCLUDE_IN_FRAMEWORK_HEADER = YES;
				CLANG_WARN_RANGE_LOOP_ANALYSIS = YES;
				CLANG_WARN_STRICT_PROTOTYPES = YES;
				CLANG_WARN_SUSPICIOUS_MOVE = YES;
				CLANG_WARN_UNGUARDED_AVAILABILITY = YES_AGGRESSIVE;
				CLANG_WARN_UNREACHABLE_CODE = YES;
				CLANG_WARN__DUPLICATE_METHOD_MATCH = YES;
				COPY_PHASE_STRIP = NO;
				DEBUG_INFORMATION_FORMAT = dwarf;
				ENABLE_STRICT_OBJC_MSGSEND = YES;
				ENABLE_TESTABILITY = YES;
				ENABLE_USER_SCRIPT_SANDBOXING = YES;
				GCC_C_LANGUAGE_STANDARD = gnu17;
				GCC_DYNAMIC_NO_PIC = NO;
				GCC_NO_COMMON_BLOCKS = YES;
				GCC_OPTIMIZATION_LEVEL = 0;
				GCC_PREPROCESSOR_DEFINITIONS = (
					"DEBUG=1",
					"$(inherited)",
				);
				GCC_WARN_64_TO_32_BIT_CONVERSION = YES;
				GCC_WARN_ABOUT_RETURN_TYPE = YES_ERROR;
				GCC_WARN_UNDECLARED_SELECTOR = YES;
				GCC_WARN_UNINITIALIZED_AUTOS = YES_AGGRESSIVE;
				GCC_WARN_UNUSED_FUNCTION = YES;
				GCC_WARN_UNUSED_VARIABLE = YES;
				IPHONEOS_DEPLOYMENT_TARGET = 17.5;
				LOCALIZATION_PREFERS_STRING_CATALOGS = YES;
				MTL_ENABLE_DEBUG_INFO = INCLUDE_SOURCE;
				MTL_FAST_MATH = YES;
				ONLY_ACTIVE_ARCH = YES;
				SDKROOT = iphoneos;
				SWIFT_ACTIVE_COMPILATION_CONDITIONS = "DEBUG $(inherited)";
				SWIFT_OPTIMIZATION_LEVEL = "-Onone";
			};
			name = Debug;
		};
		FCF565342C6A4E84005FC45A /* Release */ = {
			isa = XCBuildConfiguration;
			buildSettings = {
				ALWAYS_SEARCH_USER_PATHS = NO;
				ASSETCATALOG_COMPILER_GENERATE_SWIFT_ASSET_SYMBOL_EXTENSIONS = YES;
				CLANG_ANALYZER_NONNULL = YES;
				CLANG_ANALYZER_NUMBER_OBJECT_CONVERSION = YES_AGGRESSIVE;
				CLANG_CXX_LANGUAGE_STANDARD = "gnu++20";
				CLANG_ENABLE_MODULES = YES;
				CLANG_ENABLE_OBJC_ARC = YES;
				CLANG_ENABLE_OBJC_WEAK = YES;
				CLANG_WARN_BLOCK_CAPTURE_AUTORELEASING = YES;
				CLANG_WARN_BOOL_CONVERSION = YES;
				CLANG_WARN_COMMA = YES;
				CLANG_WARN_CONSTANT_CONVERSION = YES;
				CLANG_WARN_DEPRECATED_OBJC_IMPLEMENTATIONS = YES;
				CLANG_WARN_DIRECT_OBJC_ISA_USAGE = YES_ERROR;
				CLANG_WARN_DOCUMENTATION_COMMENTS = YES;
				CLANG_WARN_EMPTY_BODY = YES;
				CLANG_WARN_ENUM_CONVERSION = YES;
				CLANG_WARN_INFINITE_RECURSION = YES;
				CLANG_WARN_INT_CONVERSION = YES;
				CLANG_WARN_NON_LITERAL_NULL_CONVERSION = YES;
				CLANG_WARN_OBJC_IMPLICIT_RETAIN_SELF = YES;
				CLANG_WARN_OBJC_LITERAL_CONVERSION = YES;
				CLANG_WARN_OBJC_ROOT_CLASS = YES_ERROR;
				CLANG_WARN_QUOTED_INCLUDE_IN_FRAMEWORK_HEADER = YES;
				CLANG_WARN_RANGE_LOOP_ANALYSIS = YES;
				CLANG_WARN_STRICT_PROTOTYPES = YES;
				CLANG_WARN_SUSPICIOUS_MOVE = YES;
				CLANG_WARN_UNGUARDED_AVAILABILITY = YES_AGGRESSIVE;
				CLANG_WARN_UNREACHABLE_CODE = YES;
				CLANG_WARN__DUPLICATE_METHOD_MATCH = YES;
				COPY_PHASE_STRIP = NO;
				DEBUG_INFORMATION_FORMAT = "dwarf-with-dsym";
				ENABLE_NS_ASSERTIONS = NO;
				ENABLE_STRICT_OBJC_MSGSEND = YES;
				ENABLE_USER_SCRIPT_SANDBOXING = YES;
				GCC_C_LANGUAGE_STANDARD = gnu17;
				GCC_NO_COMMON_BLOCKS = YES;
				GCC_WARN_64_TO_32_BIT_CONVERSION = YES;
				GCC_WARN_ABOUT_RETURN_TYPE = YES_ERROR;
				GCC_WARN_UNDECLARED_SELECTOR = YES;
				GCC_WARN_UNINITIALIZED_AUTOS = YES_AGGRESSIVE;
				GCC_WARN_UNUSED_FUNCTION = YES;
				GCC_WARN_UNUSED_VARIABLE = YES;
				IPHONEOS_DEPLOYMENT_TARGET = 17.5;
				LOCALIZATION_PREFERS_STRING_CATALOGS = YES;
				MTL_ENABLE_DEBUG_INFO = NO;
				MTL_FAST_MATH = YES;
				SDKROOT = iphoneos;
				SWIFT_COMPILATION_MODE = wholemodule;
				VALIDATE_PRODUCT = YES;
			};
			name = Release;
		};
		FCF565362C6A4E84005FC45A /* Debug */ = {
			isa = XCBuildConfiguration;
			buildSettings = {
				ASSETCATALOG_COMPILER_APPICON_NAME = AppIcon;
				ASSETCATALOG_COMPILER_GLOBAL_ACCENT_COLOR_NAME = AccentColor;
				CODE_SIGN_STYLE = Automatic;
				CURRENT_PROJECT_VERSION = 1;
				DEVELOPMENT_ASSET_PATHS = "\"The Head Cook/Preview Content\"";
				DEVELOPMENT_TEAM = GW6JQ42TS5;
				ENABLE_PREVIEWS = YES;
				GENERATE_INFOPLIST_FILE = YES;
				INFOPLIST_KEY_UIApplicationSceneManifest_Generation = YES;
				INFOPLIST_KEY_UIApplicationSupportsIndirectInputEvents = YES;
				INFOPLIST_KEY_UILaunchScreen_Generation = YES;
				INFOPLIST_KEY_UISupportedInterfaceOrientations_iPad = "UIInterfaceOrientationPortrait UIInterfaceOrientationPortraitUpsideDown UIInterfaceOrientationLandscapeLeft UIInterfaceOrientationLandscapeRight";
				INFOPLIST_KEY_UISupportedInterfaceOrientations_iPhone = "UIInterfaceOrientationPortrait UIInterfaceOrientationLandscapeLeft UIInterfaceOrientationLandscapeRight";
				LD_RUNPATH_SEARCH_PATHS = (
					"$(inherited)",
					"@executable_path/Frameworks",
				);
				MARKETING_VERSION = 1.0;
				PRODUCT_BUNDLE_IDENTIFIER = "dard2002.The-Head-Cook";
				PRODUCT_NAME = "$(TARGET_NAME)";
				SWIFT_EMIT_LOC_STRINGS = YES;
				SWIFT_VERSION = 5.0;
				TARGETED_DEVICE_FAMILY = "1,2";
			};
			name = Debug;
		};
		FCF565372C6A4E84005FC45A /* Release */ = {
			isa = XCBuildConfiguration;
			buildSettings = {
				ASSETCATALOG_COMPILER_APPICON_NAME = AppIcon;
				ASSETCATALOG_COMPILER_GLOBAL_ACCENT_COLOR_NAME = AccentColor;
				CODE_SIGN_STYLE = Automatic;
				CURRENT_PROJECT_VERSION = 1;
				DEVELOPMENT_ASSET_PATHS = "\"The Head Cook/Preview Content\"";
				DEVELOPMENT_TEAM = GW6JQ42TS5;
				ENABLE_PREVIEWS = YES;
				GENERATE_INFOPLIST_FILE = YES;
				INFOPLIST_KEY_UIApplicationSceneManifest_Generation = YES;
				INFOPLIST_KEY_UIApplicationSupportsIndirectInputEvents = YES;
				INFOPLIST_KEY_UILaunchScreen_Generation = YES;
				INFOPLIST_KEY_UISupportedInterfaceOrientations_iPad = "UIInterfaceOrientationPortrait UIInterfaceOrientationPortraitUpsideDown UIInterfaceOrientationLandscapeLeft UIInterfaceOrientationLandscapeRight";
				INFOPLIST_KEY_UISupportedInterfaceOrientations_iPhone = "UIInterfaceOrientationPortrait UIInterfaceOrientationLandscapeLeft UIInterfaceOrientationLandscapeRight";
				LD_RUNPATH_SEARCH_PATHS = (
					"$(inherited)",
					"@executable_path/Frameworks",
				);
				MARKETING_VERSION = 1.0;
				PRODUCT_BUNDLE_IDENTIFIER = "dard2002.The-Head-Cook";
				PRODUCT_NAME = "$(TARGET_NAME)";
				SWIFT_EMIT_LOC_STRINGS = YES;
				SWIFT_VERSION = 5.0;
				TARGETED_DEVICE_FAMILY = "1,2";
			};
			name = Release;
		};
		FCF565392C6A4E84005FC45A /* Debug */ = {
			isa = XCBuildConfiguration;
			buildSettings = {
				ALWAYS_EMBED_SWIFT_STANDARD_LIBRARIES = YES;
				BUNDLE_LOADER = "$(TEST_HOST)";
				CODE_SIGN_STYLE = Automatic;
				CURRENT_PROJECT_VERSION = 1;
				DEVELOPMENT_TEAM = GW6JQ42TS5;
				GENERATE_INFOPLIST_FILE = YES;
				IPHONEOS_DEPLOYMENT_TARGET = 17.5;
				MARKETING_VERSION = 1.0;
				PRODUCT_BUNDLE_IDENTIFIER = "dard2002.The-Head-CookTests";
				PRODUCT_NAME = "$(TARGET_NAME)";
				SWIFT_EMIT_LOC_STRINGS = NO;
				SWIFT_VERSION = 5.0;
				TARGETED_DEVICE_FAMILY = "1,2";
				TEST_HOST = "$(BUILT_PRODUCTS_DIR)/The Head Cook.app/$(BUNDLE_EXECUTABLE_FOLDER_PATH)/The Head Cook";
			};
			name = Debug;
		};
		FCF5653A2C6A4E84005FC45A /* Release */ = {
			isa = XCBuildConfiguration;
			buildSettings = {
				ALWAYS_EMBED_SWIFT_STANDARD_LIBRARIES = YES;
				BUNDLE_LOADER = "$(TEST_HOST)";
				CODE_SIGN_STYLE = Automatic;
				CURRENT_PROJECT_VERSION = 1;
				DEVELOPMENT_TEAM = GW6JQ42TS5;
				GENERATE_INFOPLIST_FILE = YES;
				IPHONEOS_DEPLOYMENT_TARGET = 17.5;
				MARKETING_VERSION = 1.0;
				PRODUCT_BUNDLE_IDENTIFIER = "dard2002.The-Head-CookTests";
				PRODUCT_NAME = "$(TARGET_NAME)";
				SWIFT_EMIT_LOC_STRINGS = NO;
				SWIFT_VERSION = 5.0;
				TARGETED_DEVICE_FAMILY = "1,2";
				TEST_HOST = "$(BUILT_PRODUCTS_DIR)/The Head Cook.app/$(BUNDLE_EXECUTABLE_FOLDER_PATH)/The Head Cook";
			};
			name = Release;
		};
		FCF5653C2C6A4E84005FC45A /* Debug */ = {
			isa = XCBuildConfiguration;
			buildSettings = {
				ALWAYS_EMBED_SWIFT_STANDARD_LIBRARIES = YES;
				CODE_SIGN_STYLE = Automatic;
				CURRENT_PROJECT_VERSION = 1;
				DEVELOPMENT_TEAM = GW6JQ42TS5;
				GENERATE_INFOPLIST_FILE = YES;
				MARKETING_VERSION = 1.0;
				PRODUCT_BUNDLE_IDENTIFIER = "dard2002.The-Head-CookUITests";
				PRODUCT_NAME = "$(TARGET_NAME)";
				SWIFT_EMIT_LOC_STRINGS = NO;
				SWIFT_VERSION = 5.0;
				TARGETED_DEVICE_FAMILY = "1,2";
				TEST_TARGET_NAME = "The Head Cook";
			};
			name = Debug;
		};
		FCF5653D2C6A4E84005FC45A /* Release */ = {
			isa = XCBuildConfiguration;
			buildSettings = {
				ALWAYS_EMBED_SWIFT_STANDARD_LIBRARIES = YES;
				CODE_SIGN_STYLE = Automatic;
				CURRENT_PROJECT_VERSION = 1;
				DEVELOPMENT_TEAM = GW6JQ42TS5;
				GENERATE_INFOPLIST_FILE = YES;
				MARKETING_VERSION = 1.0;
				PRODUCT_BUNDLE_IDENTIFIER = "dard2002.The-Head-CookUITests";
				PRODUCT_NAME = "$(TARGET_NAME)";
				SWIFT_EMIT_LOC_STRINGS = NO;
				SWIFT_VERSION = 5.0;
				TARGETED_DEVICE_FAMILY = "1,2";
				TEST_TARGET_NAME = "The Head Cook";
			};
			name = Release;
		};
/* End XCBuildConfiguration section */

/* Begin XCConfigurationList section */
		FCF5650A2C6A4E83005FC45A /* Build configuration list for PBXProject "The Head Cook" */ = {
			isa = XCConfigurationList;
			buildConfigurations = (
				FCF565332C6A4E84005FC45A /* Debug */,
				FCF565342C6A4E84005FC45A /* Release */,
			);
			defaultConfigurationIsVisible = 0;
			defaultConfigurationName = Release;
		};
		FCF565352C6A4E84005FC45A /* Build configuration list for PBXNativeTarget "The Head Cook" */ = {
			isa = XCConfigurationList;
			buildConfigurations = (
				FCF565362C6A4E84005FC45A /* Debug */,
				FCF565372C6A4E84005FC45A /* Release */,
			);
			defaultConfigurationIsVisible = 0;
			defaultConfigurationName = Release;
		};
		FCF565382C6A4E84005FC45A /* Build configuration list for PBXNativeTarget "The Head CookTests" */ = {
			isa = XCConfigurationList;
			buildConfigurations = (
				FCF565392C6A4E84005FC45A /* Debug */,
				FCF5653A2C6A4E84005FC45A /* Release */,
			);
			defaultConfigurationIsVisible = 0;
			defaultConfigurationName = Release;
		};
		FCF5653B2C6A4E84005FC45A /* Build configuration list for PBXNativeTarget "The Head CookUITests" */ = {
			isa = XCConfigurationList;
			buildConfigurations = (
				FCF5653C2C6A4E84005FC45A /* Debug */,
				FCF5653D2C6A4E84005FC45A /* Release */,
			);
			defaultConfigurationIsVisible = 0;
			defaultConfigurationName = Release;
		};
/* End XCConfigurationList section */
	};
	rootObject = FCF565072C6A4E83005FC45A /* Project object */;
}
